github.com/sshmendez/gong v0.0.0-20201029223046-126293174f0d h1:ZJdMxaTBKHmxAXOXS0Jt8opuJakAtBXaOeS2i9j9tpY=
github.com/sshmendez/gong v0.0.0-20201029223046-126293174f0d/go.mod h1:R83jSekVRKMcj5kmjNSSxGCFEUBdNJb2QvpfVGYFEHk=
github.com/sshmendez/gong v1.2.1 h1:dXuMsH18Ho8Ph78TsatmiB0cwPc/rgohdB0LASO7+Ag=
github.com/sshmendez/gong v1.2.1/go.mod h1:R83jSekVRKMcj5kmjNSSxGCFEUBdNJb2QvpfVGYFEHk=
